[root]
name = "papy"
version = "0.1.0"
dependencies = [
 "scan 0.5.2 (git+https://github.com/DanielKeep/rust-scan.git)",
 "scan_util 0.5.0 (git+https://github.com/DanielKeep/rust-scan-util.git)",
 "spellck 0.2.0 (git+https://github.com/huonw/spellck)",
]

[[package]]
name = "scan"
version = "0.5.2"
source = "git+https://github.com/DanielKeep/rust-scan.git#00fc8df04daa640adbbce1f38fe71ca38151e4d9"
dependencies = [
 "scan_util 0.5.0 (git+https://github.com/DanielKeep/rust-scan-util.git)",
]

[[package]]
name = "scan_util"
version = "0.5.0"
source = "git+https://github.com/DanielKeep/rust-scan-util.git#d49c9115540f72aa00cd4938265b5bc98bbf9316"

[[package]]
name = "spellck"
version = "0.2.0"
source = "git+https://github.com/huonw/spellck#dcdf38376bbb35cd91104f4278542f4bf28fc471"
dependencies = [
 "stem 0.1.0 (git+https://github.com/mrordinaire/rust-stem)",
]

[[package]]
name = "stem"
version = "0.1.0"
source = "git+https://github.com/mrordinaire/rust-stem#2f5d98eccaa5e9de4ab5ca5d9d39604e966fec3b"

